
Microsoft Visual Studio Solution File, Format Version 12.00
# Visual Studio Version 16
VisualStudioVersion = 16.0.30204.135
MinimumVisualStudioVersion = 10.0.40219.1
Project("{FAE04EC0-301F-11D3-BF4B-00C04F79EFBC}") = "OOP_Chess", "OOP_Chess\OOP_Chess.csproj", "{26C071B5-2032-4AA3-872C-1143A9C7039C}"
EndProject
Global
	GlobalSection(SolutionConfigurationPlatforms) = preSolution
		Debug|Any CPU = Debug|Any CPU
		Release|Any CPU = Release|Any CPU
	EndGlobalSection
	GlobalSection(ProjectConfigurationPlatforms) = postSolution
		{26C071B5-2032-4AA3-872C-1143A9C7039C}.Debug|Any CPU.ActiveCfg = Debug|Any CPU
		{26C071B5-2032-4AA3-872C-1143A9C7039C}.Debug|Any CPU.Build.0 = Debug|Any CPU
		{26C071B5-2032-4AA3-872C-1143A9C7039C}.Release|Any CPU.ActiveCfg = Release|Any CPU
		{26C071B5-2032-4AA3-872C-1143A9C7039C}.Release|Any CPU.Build.0 = Release|Any CPU
	EndGlobalSection
	GlobalSection(SolutionProperties) = preSolution
		HideSolutionNode = FALSE
	EndGlobalSection
	GlobalSection(ExtensibilityGlobals) = postSolution
		SolutionGuid = {842CF780-3042-479D-9B66-D2CE148FA3C1}
	EndGlobalSection
EndGlobal
